
Microsoft Visual Studio Solution File, Format Version 12.00
# Visual Studio Version 16
VisualStudioVersion = 16.0.32510.428
MinimumVisualStudioVersion = 10.0.40219.1
Project("{FAE04EC0-301F-11D3-BF4B-00C04F79EFBC}") = "AppConsoleCalculos", "AppConsoleCalculos\AppConsoleCalculos.csproj", "{1843FB51-BAAA-4480-B6AC-6214D166C90B}"
EndProject
Project("{FAE04EC0-301F-11D3-BF4B-00C04F79EFBC}") = "CalculosTeste", "CalculosTeste\CalculosTeste.csproj", "{FDF5BB35-3283-4EFB-8425-5BB9DF416BE7}"
EndProject
Project("{2150E333-8FDC-42A3-9474-1A3956D46DE8}") = "ObservacoesXUnit", "ObservacoesXUnit", "{46F6A7DE-BC22-4559-ABF6-E64C121DABAE}"
	ProjectSection(SolutionItems) = preProject
		Observações.txt = Observações.txt
	EndProjectSection
EndProject
Global
	GlobalSection(SolutionConfigurationPlatforms) = preSolution
		Debug|Any CPU = Debug|Any CPU
		Release|Any CPU = Release|Any CPU
	EndGlobalSection
	GlobalSection(ProjectConfigurationPlatforms) = postSolution
		{1843FB51-BAAA-4480-B6AC-6214D166C90B}.Debug|Any CPU.ActiveCfg = Debug|Any CPU
		{1843FB51-BAAA-4480-B6AC-6214D166C90B}.Debug|Any CPU.Build.0 = Debug|Any CPU
		{1843FB51-BAAA-4480-B6AC-6214D166C90B}.Release|Any CPU.ActiveCfg = Release|Any CPU
		{1843FB51-BAAA-4480-B6AC-6214D166C90B}.Release|Any CPU.Build.0 = Release|Any CPU
		{FDF5BB35-3283-4EFB-8425-5BB9DF416BE7}.Debug|Any CPU.ActiveCfg = Debug|Any CPU
		{FDF5BB35-3283-4EFB-8425-5BB9DF416BE7}.Debug|Any CPU.Build.0 = Debug|Any CPU
		{FDF5BB35-3283-4EFB-8425-5BB9DF416BE7}.Release|Any CPU.ActiveCfg = Release|Any CPU
		{FDF5BB35-3283-4EFB-8425-5BB9DF416BE7}.Release|Any CPU.Build.0 = Release|Any CPU
	EndGlobalSection
	GlobalSection(SolutionProperties) = preSolution
		HideSolutionNode = FALSE
	EndGlobalSection
	GlobalSection(ExtensibilityGlobals) = postSolution
		SolutionGuid = {8DF1FEA7-3AF6-431D-BFA8-542B3EB3BFC8}
	EndGlobalSection
EndGlobal
